{
  "name": "express-graceful-exit",
  "version": "0.5.1",
  "lockfileVersion": 1,
  "requires": true,
  "dependencies": {
    "underscore": {
      "version": "1.12.1",
      "resolved": "http://artifactory.shuttercorp.net/artifactory/api/npm/npm-composite/underscore/-/underscore-1.12.1.tgz",
      "integrity": "sha1-e7jMmz05fiAc+FUzNtJiVE6tgp4="
    }
  }
}
